// !$*UTF8*$!
{
	archiveVersion = 1;
	classes = {
	};
	objectVersion = 56;
	objects = {

/* Begin PBXBuildFile section */
		E079B9CF29807AF300E7D7C2 /* AppDelegate.swift in Sources */ = {isa = PBXBuildFile; fileRef = E079B9CE29807AF300E7D7C2 /* AppDelegate.swift */; };
		E079B9D129807AF300E7D7C2 /* SceneDelegate.swift in Sources */ = {isa = PBXBuildFile; fileRef = E079B9D029807AF300E7D7C2 /* SceneDelegate.swift */; };
		E079B9D829807AF400E7D7C2 /* Assets.xcassets in Resources */ = {isa = PBXBuildFile; fileRef = E079B9D729807AF400E7D7C2 /* Assets.xcassets */; };
		E079B9DB29807AF400E7D7C2 /* LaunchScreen.storyboard in Resources */ = {isa = PBXBuildFile; fileRef = E079B9D929807AF400E7D7C2 /* LaunchScreen.storyboard */; };
		E079B9E92981620500E7D7C2 /* MainTabBarController.swift in Sources */ = {isa = PBXBuildFile; fileRef = E079B9E82981620500E7D7C2 /* MainTabBarController.swift */; };
		E079B9EB2981658B00E7D7C2 /* FeedController.swift in Sources */ = {isa = PBXBuildFile; fileRef = E079B9EA2981658A00E7D7C2 /* FeedController.swift */; };
		E079B9ED298165A500E7D7C2 /* SearchController.swift in Sources */ = {isa = PBXBuildFile; fileRef = E079B9EC298165A500E7D7C2 /* SearchController.swift */; };
		E079B9EF298166E900E7D7C2 /* ImageSelectController.swift in Sources */ = {isa = PBXBuildFile; fileRef = E079B9EE298166E900E7D7C2 /* ImageSelectController.swift */; };
		E079B9F12981670700E7D7C2 /* NotificationController.swift in Sources */ = {isa = PBXBuildFile; fileRef = E079B9F02981670700E7D7C2 /* NotificationController.swift */; };
		E079B9F32981671A00E7D7C2 /* ProfileController.swift in Sources */ = {isa = PBXBuildFile; fileRef = E079B9F22981671A00E7D7C2 /* ProfileController.swift */; };
		E079B9F6298570C600E7D7C2 /* Reusable.swift in Sources */ = {isa = PBXBuildFile; fileRef = E079B9F5298570C600E7D7C2 /* Reusable.swift */; };
		E079B9F82985751300E7D7C2 /* FeedCell.swift in Sources */ = {isa = PBXBuildFile; fileRef = E079B9F72985751300E7D7C2 /* FeedCell.swift */; };
		E079B9FC298576C000E7D7C2 /* UIView+Extensions.swift in Sources */ = {isa = PBXBuildFile; fileRef = E079B9FB298576C000E7D7C2 /* UIView+Extensions.swift */; };
		E0E1142D2989AB5F00D7EE16 /* LoginController.swift in Sources */ = {isa = PBXBuildFile; fileRef = E0E1142C2989AB5F00D7EE16 /* LoginController.swift */; };
		E0E1142F2989ABA600D7EE16 /* RegistrationController.swift in Sources */ = {isa = PBXBuildFile; fileRef = E0E1142E2989ABA600D7EE16 /* RegistrationController.swift */; };
		E0E1143129952A3100D7EE16 /* CustonTextField.swift in Sources */ = {isa = PBXBuildFile; fileRef = E0E1143029952A3100D7EE16 /* CustonTextField.swift */; };
		E0E114332995313300D7EE16 /* UIButton+Extensions.swift in Sources */ = {isa = PBXBuildFile; fileRef = E0E114322995313300D7EE16 /* UIButton+Extensions.swift */; };
		E0E11435299535D100D7EE16 /* UIViewController+Extensions.swift in Sources */ = {isa = PBXBuildFile; fileRef = E0E11434299535D100D7EE16 /* UIViewController+Extensions.swift */; };
		E0E1143829968D7300D7EE16 /* SwiftPreview in Frameworks */ = {isa = PBXBuildFile; productRef = E0E1143729968D7300D7EE16 /* SwiftPreview */; };
/* End PBXBuildFile section */

/* Begin PBXFileReference section */
		E079B9CB29807AF300E7D7C2 /* App_Instagram.app */ = {isa = PBXFileReference; explicitFileType = wrapper.application; includeInIndex = 0; path = App_Instagram.app; sourceTree = BUILT_PRODUCTS_DIR; };
		E079B9CE29807AF300E7D7C2 /* AppDelegate.swift */ = {isa = PBXFileReference; lastKnownFileType = sourcecode.swift; path = AppDelegate.swift; sourceTree = "<group>"; };
		E079B9D029807AF300E7D7C2 /* SceneDelegate.swift */ = {isa = PBXFileReference; lastKnownFileType = sourcecode.swift; path = SceneDelegate.swift; sourceTree = "<group>"; };
		E079B9D729807AF400E7D7C2 /* Assets.xcassets */ = {isa = PBXFileReference; lastKnownFileType = folder.assetcatalog; path = Assets.xcassets; sourceTree = "<group>"; };
		E079B9DA29807AF400E7D7C2 /* Base */ = {isa = PBXFileReference; lastKnownFileType = file.storyboard; name = Base; path = Base.lproj/LaunchScreen.storyboard; sourceTree = "<group>"; };
		E079B9DC29807AF400E7D7C2 /* Info.plist */ = {isa = PBXFileReference; lastKnownFileType = text.plist.xml; path = Info.plist; sourceTree = "<group>"; };
		E079B9E82981620500E7D7C2 /* MainTabBarController.swift */ = {isa = PBXFileReference; lastKnownFileType = sourcecode.swift; path = MainTabBarController.swift; sourceTree = "<group>"; };
		E079B9EA2981658A00E7D7C2 /* FeedController.swift */ = {isa = PBXFileReference; lastKnownFileType = sourcecode.swift; path = FeedController.swift; sourceTree = "<group>"; };
		E079B9EC298165A500E7D7C2 /* SearchController.swift */ = {isa = PBXFileReference; lastKnownFileType = sourcecode.swift; path = SearchController.swift; sourceTree = "<group>"; };
		E079B9EE298166E900E7D7C2 /* ImageSelectController.swift */ = {isa = PBXFileReference; lastKnownFileType = sourcecode.swift; path = ImageSelectController.swift; sourceTree = "<group>"; };
		E079B9F02981670700E7D7C2 /* NotificationController.swift */ = {isa = PBXFileReference; lastKnownFileType = sourcecode.swift; path = NotificationController.swift; sourceTree = "<group>"; };
		E079B9F22981671A00E7D7C2 /* ProfileController.swift */ = {isa = PBXFileReference; lastKnownFileType = sourcecode.swift; path = ProfileController.swift; sourceTree = "<group>"; };
		E079B9F5298570C600E7D7C2 /* Reusable.swift */ = {isa = PBXFileReference; lastKnownFileType = sourcecode.swift; path = Reusable.swift; sourceTree = "<group>"; };
		E079B9F72985751300E7D7C2 /* FeedCell.swift */ = {isa = PBXFileReference; lastKnownFileType = sourcecode.swift; path = FeedCell.swift; sourceTree = "<group>"; };
		E079B9FB298576C000E7D7C2 /* UIView+Extensions.swift */ = {isa = PBXFileReference; lastKnownFileType = sourcecode.swift; path = "UIView+Extensions.swift"; sourceTree = "<group>"; };
		E0E1142C2989AB5F00D7EE16 /* LoginController.swift */ = {isa = PBXFileReference; lastKnownFileType = sourcecode.swift; path = LoginController.swift; sourceTree = "<group>"; };
		E0E1142E2989ABA600D7EE16 /* RegistrationController.swift */ = {isa = PBXFileReference; lastKnownFileType = sourcecode.swift; path = RegistrationController.swift; sourceTree = "<group>"; };
		E0E1143029952A3100D7EE16 /* CustonTextField.swift */ = {isa = PBXFileReference; lastKnownFileType = sourcecode.swift; path = CustonTextField.swift; sourceTree = "<group>"; };
		E0E114322995313300D7EE16 /* UIButton+Extensions.swift */ = {isa = PBXFileReference; lastKnownFileType = sourcecode.swift; path = "UIButton+Extensions.swift"; sourceTree = "<group>"; };
		E0E11434299535D100D7EE16 /* UIViewController+Extensions.swift */ = {isa = PBXFileReference; lastKnownFileType = sourcecode.swift; path = "UIViewController+Extensions.swift"; sourceTree = "<group>"; };
/* End PBXFileReference section */

/* Begin PBXFrameworksBuildPhase section */
		E079B9C829807AF300E7D7C2 /* Frameworks */ = {
			isa = PBXFrameworksBuildPhase;
			buildActionMask = 2147483647;
			files = (
				E0E1143829968D7300D7EE16 /* SwiftPreview in Frameworks */,
			);
			runOnlyForDeploymentPostprocessing = 0;
		};
/* End PBXFrameworksBuildPhase section */

/* Begin PBXGroup section */
		E079B9C229807AF300E7D7C2 = {
			isa = PBXGroup;
			children = (
				E079B9CD29807AF300E7D7C2 /* App_Instagram */,
				E079B9E329807B4300E7D7C2 /* Aplication */,
				E079B9E229807B0200E7D7C2 /* Assets */,
				E079B9CC29807AF300E7D7C2 /* Products */,
			);
			sourceTree = "<group>";
		};
		E079B9CC29807AF300E7D7C2 /* Products */ = {
			isa = PBXGroup;
			children = (
				E079B9CB29807AF300E7D7C2 /* App_Instagram.app */,
			);
			name = Products;
			sourceTree = "<group>";
		};
		E079B9CD29807AF300E7D7C2 /* App_Instagram */ = {
			isa = PBXGroup;
			children = (
				E079B9E6298161A000E7D7C2 /* View */,
				E079B9E7298161A900E7D7C2 /* Controller */,
				E079B9F4298570B400E7D7C2 /* Commons */,
				E079B9DC29807AF400E7D7C2 /* Info.plist */,
				E079B9E52981617300E7D7C2 /* ViewModel */,
				E079B9E42981615900E7D7C2 /* Model */,
				E079B9F92985768500E7D7C2 /* API */,
				E079B9FA2985768C00E7D7C2 /* Utils */,
			);
			path = App_Instagram;
			sourceTree = "<group>";
		};
		E079B9E229807B0200E7D7C2 /* Assets */ = {
			isa = PBXGroup;
			children = (
				E079B9D729807AF400E7D7C2 /* Assets.xcassets */,
			);
			path = Assets;
			sourceTree = "<group>";
		};
		E079B9E329807B4300E7D7C2 /* Aplication */ = {
			isa = PBXGroup;
			children = (
				E079B9D929807AF400E7D7C2 /* LaunchScreen.storyboard */,
				E079B9CE29807AF300E7D7C2 /* AppDelegate.swift */,
				E079B9D029807AF300E7D7C2 /* SceneDelegate.swift */,
			);
			path = Aplication;
			sourceTree = "<group>";
		};
		E079B9E42981615900E7D7C2 /* Model */ = {
			isa = PBXGroup;
			children = (
			);
			path = Model;
			sourceTree = "<group>";
		};
		E079B9E52981617300E7D7C2 /* ViewModel */ = {
			isa = PBXGroup;
			children = (
			);
			path = ViewModel;
			sourceTree = "<group>";
		};
		E079B9E6298161A000E7D7C2 /* View */ = {
			isa = PBXGroup;
			children = (
				E079B9F72985751300E7D7C2 /* FeedCell.swift */,
				E0E1143029952A3100D7EE16 /* CustonTextField.swift */,
			);
			path = View;
			sourceTree = "<group>";
		};
		E079B9E7298161A900E7D7C2 /* Controller */ = {
			isa = PBXGroup;
			children = (
				E0E1142B2989AB3600D7EE16 /* Authentication */,
				E079B9E82981620500E7D7C2 /* MainTabBarController.swift */,
				E079B9EA2981658A00E7D7C2 /* FeedController.swift */,
				E079B9EC298165A500E7D7C2 /* SearchController.swift */,
				E079B9EE298166E900E7D7C2 /* ImageSelectController.swift */,
				E079B9F02981670700E7D7C2 /* NotificationController.swift */,
				E079B9F22981671A00E7D7C2 /* ProfileController.swift */,
			);
			path = Controller;
			sourceTree = "<group>";
		};
		E079B9F4298570B400E7D7C2 /* Commons */ = {
			isa = PBXGroup;
			children = (
				E079B9F5298570C600E7D7C2 /* Reusable.swift */,
			);
			path = Commons;
			sourceTree = "<group>";
		};
		E079B9F92985768500E7D7C2 /* API */ = {
			isa = PBXGroup;
			children = (
			);
			path = API;
			sourceTree = "<group>";
		};
		E079B9FA2985768C00E7D7C2 /* Utils */ = {
			isa = PBXGroup;
			children = (
				E079B9FB298576C000E7D7C2 /* UIView+Extensions.swift */,
				E0E114322995313300D7EE16 /* UIButton+Extensions.swift */,
				E0E11434299535D100D7EE16 /* UIViewController+Extensions.swift */,
			);
			path = Utils;
			sourceTree = "<group>";
		};
		E0E1142B2989AB3600D7EE16 /* Authentication */ = {
			isa = PBXGroup;
			children = (
				E0E1142C2989AB5F00D7EE16 /* LoginController.swift */,
				E0E1142E2989ABA600D7EE16 /* RegistrationController.swift */,
			);
			path = Authentication;
			sourceTree = "<group>";
		};
/* End PBXGroup section */

/* Begin PBXNativeTarget section */
		E079B9CA29807AF300E7D7C2 /* App_Instagram */ = {
			isa = PBXNativeTarget;
			buildConfigurationList = E079B9DF29807AF400E7D7C2 /* Build configuration list for PBXNativeTarget "App_Instagram" */;
			buildPhases = (
				E079B9C729807AF300E7D7C2 /* Sources */,
				E079B9C829807AF300E7D7C2 /* Frameworks */,
				E079B9C929807AF300E7D7C2 /* Resources */,
			);
			buildRules = (
			);
			dependencies = (
			);
			name = App_Instagram;
			packageProductDependencies = (
				E0E1143729968D7300D7EE16 /* SwiftPreview */,
			);
			productName = App_Instagram;
			productReference = E079B9CB29807AF300E7D7C2 /* App_Instagram.app */;
			productType = "com.apple.product-type.application";
		};
/* End PBXNativeTarget section */

/* Begin PBXProject section */
		E079B9C329807AF300E7D7C2 /* Project object */ = {
			isa = PBXProject;
			attributes = {
				BuildIndependentTargetsInParallel = 1;
				LastSwiftUpdateCheck = 1420;
				LastUpgradeCheck = 1420;
				TargetAttributes = {
					E079B9CA29807AF300E7D7C2 = {
						CreatedOnToolsVersion = 14.2;
					};
				};
			};
			buildConfigurationList = E079B9C629807AF300E7D7C2 /* Build configuration list for PBXProject "App_Instagram" */;
			compatibilityVersion = "Xcode 14.0";
			developmentRegion = en;
			hasScannedForEncodings = 0;
			knownRegions = (
				en,
				Base,
			);
			mainGroup = E079B9C229807AF300E7D7C2;
			packageReferences = (
				E0E1143629968D7300D7EE16 /* XCRemoteSwiftPackageReference "SwiftPreview" */,
			);
			productRefGroup = E079B9CC29807AF300E7D7C2 /* Products */;
			projectDirPath = "";
			projectRoot = "";
			targets = (
				E079B9CA29807AF300E7D7C2 /* App_Instagram */,
			);
		};
/* End PBXProject section */

/* Begin PBXResourcesBuildPhase section */
		E079B9C929807AF300E7D7C2 /* Resources */ = {
			isa = PBXResourcesBuildPhase;
			buildActionMask = 2147483647;
			files = (
				E079B9DB29807AF400E7D7C2 /* LaunchScreen.storyboard in Resources */,
				E079B9D829807AF400E7D7C2 /* Assets.xcassets in Resources */,
			);
			runOnlyForDeploymentPostprocessing = 0;
		};
/* End PBXResourcesBuildPhase section */

/* Begin PBXSourcesBuildPhase section */
		E079B9C729807AF300E7D7C2 /* Sources */ = {
			isa = PBXSourcesBuildPhase;
			buildActionMask = 2147483647;
			files = (
				E079B9ED298165A500E7D7C2 /* SearchController.swift in Sources */,
				E0E1142D2989AB5F00D7EE16 /* LoginController.swift in Sources */,
				E079B9F82985751300E7D7C2 /* FeedCell.swift in Sources */,
				E079B9F12981670700E7D7C2 /* NotificationController.swift in Sources */,
				E079B9CF29807AF300E7D7C2 /* AppDelegate.swift in Sources */,
				E079B9F6298570C600E7D7C2 /* Reusable.swift in Sources */,
				E079B9EB2981658B00E7D7C2 /* FeedController.swift in Sources */,
				E0E1143129952A3100D7EE16 /* CustonTextField.swift in Sources */,
				E079B9F32981671A00E7D7C2 /* ProfileController.swift in Sources */,
				E079B9EF298166E900E7D7C2 /* ImageSelectController.swift in Sources */,
				E079B9E92981620500E7D7C2 /* MainTabBarController.swift in Sources */,
				E079B9FC298576C000E7D7C2 /* UIView+Extensions.swift in Sources */,
				E0E11435299535D100D7EE16 /* UIViewController+Extensions.swift in Sources */,
				E079B9D129807AF300E7D7C2 /* SceneDelegate.swift in Sources */,
				E0E114332995313300D7EE16 /* UIButton+Extensions.swift in Sources */,
				E0E1142F2989ABA600D7EE16 /* RegistrationController.swift in Sources */,
			);
			runOnlyForDeploymentPostprocessing = 0;
		};
/* End PBXSourcesBuildPhase section */

/* Begin PBXVariantGroup section */
		E079B9D929807AF400E7D7C2 /* LaunchScreen.storyboard */ = {
			isa = PBXVariantGroup;
			children = (
				E079B9DA29807AF400E7D7C2 /* Base */,
			);
			name = LaunchScreen.storyboard;
			sourceTree = "<group>";
		};
/* End PBXVariantGroup section */

/* Begin XCBuildConfiguration section */
		E079B9DD29807AF400E7D7C2 /* Debug */ = {
			isa = XCBuildConfiguration;
			buildSettings = {
				ALWAYS_SEARCH_USER_PATHS = NO;
				CLANG_ANALYZER_NONNULL = YES;
				CLANG_ANALYZER_NUMBER_OBJECT_CONVERSION = YES_AGGRESSIVE;
				CLANG_CXX_LANGUAGE_STANDARD = "gnu++20";
				CLANG_ENABLE_MODULES = YES;
				CLANG_ENABLE_OBJC_ARC = YES;
				CLANG_ENABLE_OBJC_WEAK = YES;
				CLANG_WARN_BLOCK_CAPTURE_AUTORELEASING = YES;
				CLANG_WARN_BOOL_CONVERSION = YES;
				CLANG_WARN_COMMA = YES;
				CLANG_WARN_CONSTANT_CONVERSION = YES;
				CLANG_WARN_DEPRECATED_OBJC_IMPLEMENTATIONS = YES;
				CLANG_WARN_DIRECT_OBJC_ISA_USAGE = YES_ERROR;
				CLANG_WARN_DOCUMENTATION_COMMENTS = YES;
				CLANG_WARN_EMPTY_BODY = YES;
				CLANG_WARN_ENUM_CONVERSION = YES;
				CLANG_WARN_INFINITE_RECURSION = YES;
				CLANG_WARN_INT_CONVERSION = YES;
				CLANG_WARN_NON_LITERAL_NULL_CONVERSION = YES;
				CLANG_WARN_OBJC_IMPLICIT_RETAIN_SELF = YES;
				CLANG_WARN_OBJC_LITERAL_CONVERSION = YES;
				CLANG_WARN_OBJC_ROOT_CLASS = YES_ERROR;
				CLANG_WARN_QUOTED_INCLUDE_IN_FRAMEWORK_HEADER = YES;
				CLANG_WARN_RANGE_LOOP_ANALYSIS = YES;
				CLANG_WARN_STRICT_PROTOTYPES = YES;
				CLANG_WARN_SUSPICIOUS_MOVE = YES;
				CLANG_WARN_UNGUARDED_AVAILABILITY = YES_AGGRESSIVE;
				CLANG_WARN_UNREACHABLE_CODE = YES;
				CLANG_WARN__DUPLICATE_METHOD_MATCH = YES;
				COPY_PHASE_STRIP = NO;
				DEBUG_INFORMATION_FORMAT = dwarf;
				ENABLE_STRICT_OBJC_MSGSEND = YES;
				ENABLE_TESTABILITY = YES;
				GCC_C_LANGUAGE_STANDARD = gnu11;
				GCC_DYNAMIC_NO_PIC = NO;
				GCC_NO_COMMON_BLOCKS = YES;
				GCC_OPTIMIZATION_LEVEL = 0;
				GCC_PREPROCESSOR_DEFINITIONS = (
					"DEBUG=1",
					"$(inherited)",
				);
				GCC_WARN_64_TO_32_BIT_CONVERSION = YES;
				GCC_WARN_ABOUT_RETURN_TYPE = YES_ERROR;
				GCC_WARN_UNDECLARED_SELECTOR = YES;
				GCC_WARN_UNINITIALIZED_AUTOS = YES_AGGRESSIVE;
				GCC_WARN_UNUSED_FUNCTION = YES;
				GCC_WARN_UNUSED_VARIABLE = YES;
				IPHONEOS_DEPLOYMENT_TARGET = 16.2;
				MTL_ENABLE_DEBUG_INFO = INCLUDE_SOURCE;
				MTL_FAST_MATH = YES;
				ONLY_ACTIVE_ARCH = YES;
				SDKROOT = iphoneos;
				SWIFT_ACTIVE_COMPILATION_CONDITIONS = DEBUG;
				SWIFT_OPTIMIZATION_LEVEL = "-Onone";
			};
			name = Debug;
		};
		E079B9DE29807AF400E7D7C2 /* Release */ = {
			isa = XCBuildConfiguration;
			buildSettings = {
				ALWAYS_SEARCH_USER_PATHS = NO;
				CLANG_ANALYZER_NONNULL = YES;
				CLANG_ANALYZER_NUMBER_OBJECT_CONVERSION = YES_AGGRESSIVE;
				CLANG_CXX_LANGUAGE_STANDARD = "gnu++20";
				CLANG_ENABLE_MODULES = YES;
				CLANG_ENABLE_OBJC_ARC = YES;
				CLANG_ENABLE_OBJC_WEAK = YES;
				CLANG_WARN_BLOCK_CAPTURE_AUTORELEASING = YES;
				CLANG_WARN_BOOL_CONVERSION = YES;
				CLANG_WARN_COMMA = YES;
				CLANG_WARN_CONSTANT_CONVERSION = YES;
				CLANG_WARN_DEPRECATED_OBJC_IMPLEMENTATIONS = YES;
				CLANG_WARN_DIRECT_OBJC_ISA_USAGE = YES_ERROR;
				CLANG_WARN_DOCUMENTATION_COMMENTS = YES;
				CLANG_WARN_EMPTY_BODY = YES;
				CLANG_WARN_ENUM_CONVERSION = YES;
				CLANG_WARN_INFINITE_RECURSION = YES;
				CLANG_WARN_INT_CONVERSION = YES;
				CLANG_WARN_NON_LITERAL_NULL_CONVERSION = YES;
				CLANG_WARN_OBJC_IMPLICIT_RETAIN_SELF = YES;
				CLANG_WARN_OBJC_LITERAL_CONVERSION = YES;
				CLANG_WARN_OBJC_ROOT_CLASS = YES_ERROR;
				CLANG_WARN_QUOTED_INCLUDE_IN_FRAMEWORK_HEADER = YES;
				CLANG_WARN_RANGE_LOOP_ANALYSIS = YES;
				CLANG_WARN_STRICT_PROTOTYPES = YES;
				CLANG_WARN_SUSPICIOUS_MOVE = YES;
				CLANG_WARN_UNGUARDED_AVAILABILITY = YES_AGGRESSIVE;
				CLANG_WARN_UNREACHABLE_CODE = YES;
				CLANG_WARN__DUPLICATE_METHOD_MATCH = YES;
				COPY_PHASE_STRIP = NO;
				DEBUG_INFORMATION_FORMAT = "dwarf-with-dsym";
				ENABLE_NS_ASSERTIONS = NO;
				ENABLE_STRICT_OBJC_MSGSEND = YES;
				GCC_C_LANGUAGE_STANDARD = gnu11;
				GCC_NO_COMMON_BLOCKS = YES;
				GCC_WARN_64_TO_32_BIT_CONVERSION = YES;
				GCC_WARN_ABOUT_RETURN_TYPE = YES_ERROR;
				GCC_WARN_UNDECLARED_SELECTOR = YES;
				GCC_WARN_UNINITIALIZED_AUTOS = YES_AGGRESSIVE;
				GCC_WARN_UNUSED_FUNCTION = YES;
				GCC_WARN_UNUSED_VARIABLE = YES;
				IPHONEOS_DEPLOYMENT_TARGET = 16.2;
				MTL_ENABLE_DEBUG_INFO = NO;
				MTL_FAST_MATH = YES;
				SDKROOT = iphoneos;
				SWIFT_COMPILATION_MODE = wholemodule;
				SWIFT_OPTIMIZATION_LEVEL = "-O";
				VALIDATE_PRODUCT = YES;
			};
			name = Release;
		};
		E079B9E029807AF400E7D7C2 /* Debug */ = {
			isa = XCBuildConfiguration;
			buildSettings = {
				ASSETCATALOG_COMPILER_APPICON_NAME = AppIcon;
				ASSETCATALOG_COMPILER_GLOBAL_ACCENT_COLOR_NAME = AccentColor;
				CODE_SIGN_STYLE = Automatic;
				CURRENT_PROJECT_VERSION = 1;
				DEVELOPMENT_TEAM = WXQ8GLHA2M;
				GENERATE_INFOPLIST_FILE = YES;
				INFOPLIST_FILE = App_Instagram/Info.plist;
				INFOPLIST_KEY_UIApplicationSupportsIndirectInputEvents = YES;
				INFOPLIST_KEY_UILaunchStoryboardName = LaunchScreen.storyboard;
				INFOPLIST_KEY_UISupportedInterfaceOrientations_iPad = "UIInterfaceOrientationPortrait UIInterfaceOrientationPortraitUpsideDown UIInterfaceOrientationLandscapeLeft UIInterfaceOrientationLandscapeRight";
				INFOPLIST_KEY_UISupportedInterfaceOrientations_iPhone = "UIInterfaceOrientationPortrait UIInterfaceOrientationLandscapeLeft UIInterfaceOrientationLandscapeRight";
				LD_RUNPATH_SEARCH_PATHS = (
					"$(inherited)",
					"@executable_path/Frameworks",
				);
				MARKETING_VERSION = 1.0;
				PRODUCT_BUNDLE_IDENTIFIER = "br.com.spedaLeticia.App-Instagram";
				PRODUCT_NAME = "$(TARGET_NAME)";
				SUPPORTED_PLATFORMS = "iphoneos iphonesimulator macosx";
				SUPPORTS_MACCATALYST = NO;
				SUPPORTS_MAC_DESIGNED_FOR_IPHONE_IPAD = NO;
				SWIFT_EMIT_LOC_STRINGS = YES;
				SWIFT_VERSION = 5.0;
				TARGETED_DEVICE_FAMILY = 1;
			};
			name = Debug;
		};
		E079B9E129807AF400E7D7C2 /* Release */ = {
			isa = XCBuildConfiguration;
			buildSettings = {
				ASSETCATALOG_COMPILER_APPICON_NAME = AppIcon;
				ASSETCATALOG_COMPILER_GLOBAL_ACCENT_COLOR_NAME = AccentColor;
				CODE_SIGN_STYLE = Automatic;
				CURRENT_PROJECT_VERSION = 1;
				DEVELOPMENT_TEAM = WXQ8GLHA2M;
				GENERATE_INFOPLIST_FILE = YES;
				INFOPLIST_FILE = App_Instagram/Info.plist;
				INFOPLIST_KEY_UIApplicationSupportsIndirectInputEvents = YES;
				INFOPLIST_KEY_UILaunchStoryboardName = LaunchScreen.storyboard;
				INFOPLIST_KEY_UISupportedInterfaceOrientations_iPad = "UIInterfaceOrientationPortrait UIInterfaceOrientationPortraitUpsideDown UIInterfaceOrientationLandscapeLeft UIInterfaceOrientationLandscapeRight";
				INFOPLIST_KEY_UISupportedInterfaceOrientations_iPhone = "UIInterfaceOrientationPortrait UIInterfaceOrientationLandscapeLeft UIInterfaceOrientationLandscapeRight";
				LD_RUNPATH_SEARCH_PATHS = (
					"$(inherited)",
					"@executable_path/Frameworks",
				);
				MARKETING_VERSION = 1.0;
				PRODUCT_BUNDLE_IDENTIFIER = "br.com.spedaLeticia.App-Instagram";
				PRODUCT_NAME = "$(TARGET_NAME)";
				SUPPORTED_PLATFORMS = "iphoneos iphonesimulator macosx";
				SUPPORTS_MACCATALYST = NO;
				SUPPORTS_MAC_DESIGNED_FOR_IPHONE_IPAD = NO;
				SWIFT_EMIT_LOC_STRINGS = YES;
				SWIFT_VERSION = 5.0;
				TARGETED_DEVICE_FAMILY = 1;
			};
			name = Release;
		};
/* End XCBuildConfiguration section */

/* Begin XCConfigurationList section */
		E079B9C629807AF300E7D7C2 /* Build configuration list for PBXProject "App_Instagram" */ = {
			isa = XCConfigurationList;
			buildConfigurations = (
				E079B9DD29807AF400E7D7C2 /* Debug */,
				E079B9DE29807AF400E7D7C2 /* Release */,
			);
			defaultConfigurationIsVisible = 0;
			defaultConfigurationName = Release;
		};
		E079B9DF29807AF400E7D7C2 /* Build configuration list for PBXNativeTarget "App_Instagram" */ = {
			isa = XCConfigurationList;
			buildConfigurations = (
				E079B9E029807AF400E7D7C2 /* Debug */,
				E079B9E129807AF400E7D7C2 /* Release */,
			);
			defaultConfigurationIsVisible = 0;
			defaultConfigurationName = Release;
		};
/* End XCConfigurationList section */

/* Begin XCRemoteSwiftPackageReference section */
		E0E1143629968D7300D7EE16 /* XCRemoteSwiftPackageReference "SwiftPreview" */ = {
			isa = XCRemoteSwiftPackageReference;
			repositoryURL = "https://github.com/heoblitz/SwiftPreview";
			requirement = {
				kind = upToNextMajorVersion;
				minimumVersion = 1.0.0;
			};
		};
/* End XCRemoteSwiftPackageReference section */

/* Begin XCSwiftPackageProductDependency section */
		E0E1143729968D7300D7EE16 /* SwiftPreview */ = {
			isa = XCSwiftPackageProductDependency;
			package = E0E1143629968D7300D7EE16 /* XCRemoteSwiftPackageReference "SwiftPreview" */;
			productName = SwiftPreview;
		};
/* End XCSwiftPackageProductDependency section */
	};
	rootObject = E079B9C329807AF300E7D7C2 /* Project object */;
}
